// !$*UTF8*$!
{
	archiveVersion = 1;
	classes = {
	};
	objectVersion = 50;
	objects = {

/* Begin PBXBuildFile section */
		AB09F69C22E80A4200364132 /* MacBook.m in Sources */ = {isa = PBXBuildFile; fileRef = AB09F69B22E80A4200364132 /* MacBook.m */; };
		AB09F6A022E8131000364132 /* Car.m in Sources */ = {isa = PBXBuildFile; fileRef = AB09F69F22E8131000364132 /* Car.m */; };
		AB43563E22E8027B0070F38B /* main.m in Sources */ = {isa = PBXBuildFile; fileRef = AB43563D22E8027B0070F38B /* main.m */; };
		AB43564722E802A50070F38B /* ShaoBing.m in Sources */ = {isa = PBXBuildFile; fileRef = AB43564622E802A50070F38B /* ShaoBing.m */; };
/* End PBXBuildFile section */

/* Begin PBXCopyFilesBuildPhase section */
		AB43563822E8027B0070F38B /* CopyFiles */ = {
			isa = PBXCopyFilesBuildPhase;
			buildActionMask = 2147483647;
			dstPath = /usr/share/man/man1/;
			dstSubfolderSpec = 0;
			files = (
			);
			runOnlyForDeploymentPostprocessing = 1;
		};
/* End PBXCopyFilesBuildPhase section */

/* Begin PBXFileReference section */
		AB09F69A22E80A4200364132 /* MacBook.h */ = {isa = PBXFileReference; lastKnownFileType = sourcecode.c.h; name = MacBook.h; path = "../../../../../../../../../../../../../System/Volumes/Data/Users/july/Desktop/__5yUp/github/Study/Software Engineering/Design Pattern/Creational patterns/03_Builder/Builder/Builder/Test2/MacBook.h"; sourceTree = "<group>"; };
		AB09F69B22E80A4200364132 /* MacBook.m */ = {isa = PBXFileReference; lastKnownFileType = sourcecode.c.objc; name = MacBook.m; path = "../../../../../../../../../../../../../System/Volumes/Data/Users/july/Desktop/__5yUp/github/Study/Software Engineering/Design Pattern/Creational patterns/03_Builder/Builder/Builder/Test2/MacBook.m"; sourceTree = "<group>"; };
		AB09F69E22E8131000364132 /* Car.h */ = {isa = PBXFileReference; lastKnownFileType = sourcecode.c.h; name = Car.h; path = "../../../../../../../../../../../../../System/Volumes/Data/Users/july/Desktop/__5yUp/github/Study/Software Engineering/Design Pattern/Creational patterns/03_Builder/Builder/Builder/Test3/Car.h"; sourceTree = "<group>"; };
		AB09F69F22E8131000364132 /* Car.m */ = {isa = PBXFileReference; lastKnownFileType = sourcecode.c.objc; name = Car.m; path = "../../../../../../../../../../../../../System/Volumes/Data/Users/july/Desktop/__5yUp/github/Study/Software Engineering/Design Pattern/Creational patterns/03_Builder/Builder/Builder/Test3/Car.m"; sourceTree = "<group>"; };
		AB43563A22E8027B0070F38B /* Builder */ = {isa = PBXFileReference; explicitFileType = "compiled.mach-o.executable"; includeInIndex = 0; path = Builder; sourceTree = BUILT_PRODUCTS_DIR; };
		AB43563D22E8027B0070F38B /* main.m */ = {isa = PBXFileReference; lastKnownFileType = sourcecode.c.objc; path = main.m; sourceTree = "<group>"; };
		AB43564522E802A50070F38B /* ShaoBing.h */ = {isa = PBXFileReference; lastKnownFileType = sourcecode.c.h; path = ShaoBing.h; sourceTree = "<group>"; };
		AB43564622E802A50070F38B /* ShaoBing.m */ = {isa = PBXFileReference; lastKnownFileType = sourcecode.c.objc; path = ShaoBing.m; sourceTree = "<group>"; };
/* End PBXFileReference section */

/* Begin PBXFrameworksBuildPhase section */
		AB43563722E8027B0070F38B /* Frameworks */ = {
			isa = PBXFrameworksBuildPhase;
			buildActionMask = 2147483647;
			files = (
			);
			runOnlyForDeploymentPostprocessing = 0;
		};
/* End PBXFrameworksBuildPhase section */

/* Begin PBXGroup section */
		AB09F69922E8099E00364132 /* Test2 */ = {
			isa = PBXGroup;
			children = (
				AB09F69A22E80A4200364132 /* MacBook.h */,
				AB09F69B22E80A4200364132 /* MacBook.m */,
			);
			path = Test2;
			sourceTree = "<group>";
		};
		AB09F69D22E812F500364132 /* Test3 */ = {
			isa = PBXGroup;
			children = (
				AB09F69E22E8131000364132 /* Car.h */,
				AB09F69F22E8131000364132 /* Car.m */,
			);
			path = Test3;
			sourceTree = "<group>";
		};
		AB43563122E8027B0070F38B = {
			isa = PBXGroup;
			children = (
				AB43563C22E8027B0070F38B /* Builder */,
				AB43563B22E8027B0070F38B /* Products */,
			);
			sourceTree = "<group>";
		};
		AB43563B22E8027B0070F38B /* Products */ = {
			isa = PBXGroup;
			children = (
				AB43563A22E8027B0070F38B /* Builder */,
			);
			name = Products;
			sourceTree = "<group>";
		};
		AB43563C22E8027B0070F38B /* Builder */ = {
			isa = PBXGroup;
			children = (
				AB43564422E802850070F38B /* Test1 */,
				AB09F69922E8099E00364132 /* Test2 */,
				AB09F69D22E812F500364132 /* Test3 */,
				AB43563D22E8027B0070F38B /* main.m */,
			);
			path = Builder;
			sourceTree = "<group>";
		};
		AB43564422E802850070F38B /* Test1 */ = {
			isa = PBXGroup;
			children = (
				AB43564522E802A50070F38B /* ShaoBing.h */,
				AB43564622E802A50070F38B /* ShaoBing.m */,
			);
			path = Test1;
			sourceTree = "<group>";
		};
/* End PBXGroup section */

/* Begin PBXNativeTarget section */
		AB43563922E8027B0070F38B /* Builder */ = {
			isa = PBXNativeTarget;
			buildConfigurationList = AB43564122E8027B0070F38B /* Build configuration list for PBXNativeTarget "Builder" */;
			buildPhases = (
				AB43563622E8027B0070F38B /* Sources */,
				AB43563722E8027B0070F38B /* Frameworks */,
				AB43563822E8027B0070F38B /* CopyFiles */,
			);
			buildRules = (
			);
			dependencies = (
			);
			name = Builder;
			productName = Builder;
			productReference = AB43563A22E8027B0070F38B /* Builder */;
			productType = "com.apple.product-type.tool";
		};
/* End PBXNativeTarget section */

/* Begin PBXProject section */
		AB43563222E8027B0070F38B /* Project object */ = {
			isa = PBXProject;
			attributes = {
				LastUpgradeCheck = 1020;
				ORGANIZATIONNAME = Frank;
				TargetAttributes = {
					AB43563922E8027B0070F38B = {
						CreatedOnToolsVersion = 10.2.1;
					};
				};
			};
			buildConfigurationList = AB43563522E8027B0070F38B /* Build configuration list for PBXProject "Builder" */;
			compatibilityVersion = "Xcode 9.3";
			developmentRegion = en;
			hasScannedForEncodings = 0;
			knownRegions = (
				en,
			);
			mainGroup = AB43563122E8027B0070F38B;
			productRefGroup = AB43563B22E8027B0070F38B /* Products */;
			projectDirPath = "";
			projectRoot = "";
			targets = (
				AB43563922E8027B0070F38B /* Builder */,
			);
		};
/* End PBXProject section */

/* Begin PBXSourcesBuildPhase section */
		AB43563622E8027B0070F38B /* Sources */ = {
			isa = PBXSourcesBuildPhase;
			buildActionMask = 2147483647;
			files = (
				AB43564722E802A50070F38B /* ShaoBing.m in Sources */,
				AB09F69C22E80A4200364132 /* MacBook.m in Sources */,
				AB09F6A022E8131000364132 /* Car.m in Sources */,
				AB43563E22E8027B0070F38B /* main.m in Sources */,
			);
			runOnlyForDeploymentPostprocessing = 0;
		};
/* End PBXSourcesBuildPhase section */

/* Begin XCBuildConfiguration section */
		AB43563F22E8027B0070F38B /* Debug */ = {
			isa = XCBuildConfiguration;
			buildSettings = {
				ALWAYS_SEARCH_USER_PATHS = NO;
				CLANG_ANALYZER_NONNULL = YES;
				CLANG_ANALYZER_NUMBER_OBJECT_CONVERSION = YES_AGGRESSIVE;
				CLANG_CXX_LANGUAGE_STANDARD = "gnu++14";
				CLANG_CXX_LIBRARY = "libc++";
				CLANG_ENABLE_MODULES = YES;
				CLANG_ENABLE_OBJC_ARC = YES;
				CLANG_ENABLE_OBJC_WEAK = YES;
				CLANG_WARN_BLOCK_CAPTURE_AUTORELEASING = YES;
				CLANG_WARN_BOOL_CONVERSION = YES;
				CLANG_WARN_COMMA = YES;
				CLANG_WARN_CONSTANT_CONVERSION = YES;
				CLANG_WARN_DEPRECATED_OBJC_IMPLEMENTATIONS = YES;
				CLANG_WARN_DIRECT_OBJC_ISA_USAGE = YES_ERROR;
				CLANG_WARN_DOCUMENTATION_COMMENTS = YES;
				CLANG_WARN_EMPTY_BODY = YES;
				CLANG_WARN_ENUM_CONVERSION = YES;
				CLANG_WARN_INFINITE_RECURSION = YES;
				CLANG_WARN_INT_CONVERSION = YES;
				CLANG_WARN_NON_LITERAL_NULL_CONVERSION = YES;
				CLANG_WARN_OBJC_IMPLICIT_RETAIN_SELF = YES;
				CLANG_WARN_OBJC_LITERAL_CONVERSION = YES;
				CLANG_WARN_OBJC_ROOT_CLASS = YES_ERROR;
				CLANG_WARN_RANGE_LOOP_ANALYSIS = YES;
				CLANG_WARN_STRICT_PROTOTYPES = YES;
				CLANG_WARN_SUSPICIOUS_MOVE = YES;
				CLANG_WARN_UNGUARDED_AVAILABILITY = YES_AGGRESSIVE;
				CLANG_WARN_UNREACHABLE_CODE = YES;
				CLANG_WARN__DUPLICATE_METHOD_MATCH = YES;
				CODE_SIGN_IDENTITY = "Mac Developer";
				COPY_PHASE_STRIP = NO;
				DEBUG_INFORMATION_FORMAT = dwarf;
				ENABLE_STRICT_OBJC_MSGSEND = YES;
				ENABLE_TESTABILITY = YES;
				GCC_C_LANGUAGE_STANDARD = gnu11;
				GCC_DYNAMIC_NO_PIC = NO;
				GCC_NO_COMMON_BLOCKS = YES;
				GCC_OPTIMIZATION_LEVEL = 0;
				GCC_PREPROCESSOR_DEFINITIONS = (
					"DEBUG=1",
					"$(inherited)",
				);
				GCC_WARN_64_TO_32_BIT_CONVERSION = YES;
				GCC_WARN_ABOUT_RETURN_TYPE = YES_ERROR;
				GCC_WARN_UNDECLARED_SELECTOR = YES;
				GCC_WARN_UNINITIALIZED_AUTOS = YES_AGGRESSIVE;
				GCC_WARN_UNUSED_FUNCTION = YES;
				GCC_WARN_UNUSED_VARIABLE = YES;
				MACOSX_DEPLOYMENT_TARGET = 10.15;
				MTL_ENABLE_DEBUG_INFO = INCLUDE_SOURCE;
				MTL_FAST_MATH = YES;
				ONLY_ACTIVE_ARCH = YES;
				SDKROOT = macosx;
			};
			name = Debug;
		};
		AB43564022E8027B0070F38B /* Release */ = {
			isa = XCBuildConfiguration;
			buildSettings = {
				ALWAYS_SEARCH_USER_PATHS = NO;
				CLANG_ANALYZER_NONNULL = YES;
				CLANG_ANALYZER_NUMBER_OBJECT_CONVERSION = YES_AGGRESSIVE;
				CLANG_CXX_LANGUAGE_STANDARD = "gnu++14";
				CLANG_CXX_LIBRARY = "libc++";
				CLANG_ENABLE_MODULES = YES;
				CLANG_ENABLE_OBJC_ARC = YES;
				CLANG_ENABLE_OBJC_WEAK = YES;
				CLANG_WARN_BLOCK_CAPTURE_AUTORELEASING = YES;
				CLANG_WARN_BOOL_CONVERSION = YES;
				CLANG_WARN_COMMA = YES;
				CLANG_WARN_CONSTANT_CONVERSION = YES;
				CLANG_WARN_DEPRECATED_OBJC_IMPLEMENTATIONS = YES;
				CLANG_WARN_DIRECT_OBJC_ISA_USAGE = YES_ERROR;
				CLANG_WARN_DOCUMENTATION_COMMENTS = YES;
				CLANG_WARN_EMPTY_BODY = YES;
				CLANG_WARN_ENUM_CONVERSION = YES;
				CLANG_WARN_INFINITE_RECURSION = YES;
				CLANG_WARN_INT_CONVERSION = YES;
				CLANG_WARN_NON_LITERAL_NULL_CONVERSION = YES;
				CLANG_WARN_OBJC_IMPLICIT_RETAIN_SELF = YES;
				CLANG_WARN_OBJC_LITERAL_CONVERSION = YES;
				CLANG_WARN_OBJC_ROOT_CLASS = YES_ERROR;
				CLANG_WARN_RANGE_LOOP_ANALYSIS = YES;
				CLANG_WARN_STRICT_PROTOTYPES = YES;
				CLANG_WARN_SUSPICIOUS_MOVE = YES;
				CLANG_WARN_UNGUARDED_AVAILABILITY = YES_AGGRESSIVE;
				CLANG_WARN_UNREACHABLE_CODE = YES;
				CLANG_WARN__DUPLICATE_METHOD_MATCH = YES;
				CODE_SIGN_IDENTITY = "Mac Developer";
				COPY_PHASE_STRIP = NO;
				DEBUG_INFORMATION_FORMAT = "dwarf-with-dsym";
				ENABLE_NS_ASSERTIONS = NO;
				ENABLE_STRICT_OBJC_MSGSEND = YES;
				GCC_C_LANGUAGE_STANDARD = gnu11;
				GCC_NO_COMMON_BLOCKS = YES;
				GCC_WARN_64_TO_32_BIT_CONVERSION = YES;
				GCC_WARN_ABOUT_RETURN_TYPE = YES_ERROR;
				GCC_WARN_UNDECLARED_SELECTOR = YES;
				GCC_WARN_UNINITIALIZED_AUTOS = YES_AGGRESSIVE;
				GCC_WARN_UNUSED_FUNCTION = YES;
				GCC_WARN_UNUSED_VARIABLE = YES;
				MACOSX_DEPLOYMENT_TARGET = 10.15;
				MTL_ENABLE_DEBUG_INFO = NO;
				MTL_FAST_MATH = YES;
				SDKROOT = macosx;
			};
			name = Release;
		};
		AB43564222E8027B0070F38B /* Debug */ = {
			isa = XCBuildConfiguration;
			buildSettings = {
				CODE_SIGN_STYLE = Automatic;
				DEVELOPMENT_TEAM = 2NH6PT5XAV;
				MACOSX_DEPLOYMENT_TARGET = 10.13;
				PRODUCT_NAME = "$(TARGET_NAME)";
			};
			name = Debug;
		};
		AB43564322E8027B0070F38B /* Release */ = {
			isa = XCBuildConfiguration;
			buildSettings = {
				CODE_SIGN_STYLE = Automatic;
				DEVELOPMENT_TEAM = 2NH6PT5XAV;
				MACOSX_DEPLOYMENT_TARGET = 10.13;
				PRODUCT_NAME = "$(TARGET_NAME)";
			};
			name = Release;
		};
/* End XCBuildConfiguration section */

/* Begin XCConfigurationList section */
		AB43563522E8027B0070F38B /* Build configuration list for PBXProject "Builder" */ = {
			isa = XCConfigurationList;
			buildConfigurations = (
				AB43563F22E8027B0070F38B /* Debug */,
				AB43564022E8027B0070F38B /* Release */,
			);
			defaultConfigurationIsVisible = 0;
			defaultConfigurationName = Release;
		};
		AB43564122E8027B0070F38B /* Build configuration list for PBXNativeTarget "Builder" */ = {
			isa = XCConfigurationList;
			buildConfigurations = (
				AB43564222E8027B0070F38B /* Debug */,
				AB43564322E8027B0070F38B /* Release */,
			);
			defaultConfigurationIsVisible = 0;
			defaultConfigurationName = Release;
		};
/* End XCConfigurationList section */
	};
	rootObject = AB43563222E8027B0070F38B /* Project object */;
}
